// !$*UTF8*$!
{
	archiveVersion = 1;
	classes = {
	};
	objectVersion = 56;
	objects = {

/* Begin PBXBuildFile section */
		5D2C44F32913634E009157C6 /* MovieDB.xcdatamodeld in Sources */ = {isa = PBXBuildFile; fileRef = 5D2C44F12913634E009157C6 /* MovieDB.xcdatamodeld */; };
		5D2C44F82913634F009157C6 /* LaunchScreen.storyboard in Resources */ = {isa = PBXBuildFile; fileRef = 5D2C44F62913634F009157C6 /* LaunchScreen.storyboard */; };
		5D2C450D2913A1AA009157C6 /* AppDelegate.swift in Sources */ = {isa = PBXBuildFile; fileRef = 5D2C450B2913A1AA009157C6 /* AppDelegate.swift */; };
		5D2C45172913A1AF009157C6 /* Main.storyboard in Resources */ = {isa = PBXBuildFile; fileRef = 5D2C45112913A1AF009157C6 /* Main.storyboard */; };
		5D2C451B2913A780009157C6 /* CoreDataManager.swift in Sources */ = {isa = PBXBuildFile; fileRef = 5D2C451A2913A77F009157C6 /* CoreDataManager.swift */; };
		5D3E1311291CD1E9007968E5 /* UIViewController+.swift in Sources */ = {isa = PBXBuildFile; fileRef = 5D3E1310291CD1E9007968E5 /* UIViewController+.swift */; };
		5D6165A329276400007DEB11 /* Assets.xcassets in Resources */ = {isa = PBXBuildFile; fileRef = 5D6165A229276400007DEB11 /* Assets.xcassets */; };
		5D6165A5292B0BD1007DEB11 /* CoreDataError.swift in Sources */ = {isa = PBXBuildFile; fileRef = 5D6165A4292B0BD1007DEB11 /* CoreDataError.swift */; };
		5D6165AA292B3441007DEB11 /* YoutubePlayer-in-WKWebView in Frameworks */ = {isa = PBXBuildFile; productRef = 5D6165A9292B3441007DEB11 /* YoutubePlayer-in-WKWebView */; };
		5D6165AC292B6F2E007DEB11 /* TypeVideo.swift in Sources */ = {isa = PBXBuildFile; fileRef = 5D6165AB292B6F2E007DEB11 /* TypeVideo.swift */; };
		5D6B2534292336E500F8A42E /* CastCollectionViewCell.swift in Sources */ = {isa = PBXBuildFile; fileRef = 5D6B2532292336E500F8A42E /* CastCollectionViewCell.swift */; };
		5D6B2535292336E500F8A42E /* CastCollectionViewCell.xib in Resources */ = {isa = PBXBuildFile; fileRef = 5D6B2533292336E500F8A42E /* CastCollectionViewCell.xib */; };
		5D6B2537292339DF00F8A42E /* HeaderTitle.swift in Sources */ = {isa = PBXBuildFile; fileRef = 5D6B2536292339DF00F8A42E /* HeaderTitle.swift */; };
		5D8E3DD729234ABF0011F4C4 /* DetailFilmHeaderCollectionReusableView.swift in Sources */ = {isa = PBXBuildFile; fileRef = 5D8E3DD529234ABF0011F4C4 /* DetailFilmHeaderCollectionReusableView.swift */; };
		5D8E3DD829234ABF0011F4C4 /* DetailFilmHeaderCollectionReusableView.xib in Resources */ = {isa = PBXBuildFile; fileRef = 5D8E3DD629234ABF0011F4C4 /* DetailFilmHeaderCollectionReusableView.xib */; };
		5D8E3DDA29237C780011F4C4 /* Int+.swift in Sources */ = {isa = PBXBuildFile; fileRef = 5D8E3DD929237C780011F4C4 /* Int+.swift */; };
		5D8E3DE3292620D90011F4C4 /* EnumTabbarItem.swift in Sources */ = {isa = PBXBuildFile; fileRef = 5D8E3DE2292620D90011F4C4 /* EnumTabbarItem.swift */; };
		5D8E3DE9292718490011F4C4 /* FavoriteCollectionViewCell.swift in Sources */ = {isa = PBXBuildFile; fileRef = 5D8E3DE7292718490011F4C4 /* FavoriteCollectionViewCell.swift */; };
		5D8E3DEA292718490011F4C4 /* FavoriteCollectionViewCell.xib in Resources */ = {isa = PBXBuildFile; fileRef = 5D8E3DE8292718490011F4C4 /* FavoriteCollectionViewCell.xib */; };
		5D8E3DEE292755A70011F4C4 /* TrendingCollectionViewCell.swift in Sources */ = {isa = PBXBuildFile; fileRef = 5D8E3DEC292755A70011F4C4 /* TrendingCollectionViewCell.swift */; };
		5D8E3DEF292755A70011F4C4 /* TrendingCollectionViewCell.xib in Resources */ = {isa = PBXBuildFile; fileRef = 5D8E3DED292755A70011F4C4 /* TrendingCollectionViewCell.xib */; };
		5DA457B1291E0235000F648F /* CustomImageView.swift in Sources */ = {isa = PBXBuildFile; fileRef = 5DA457B0291E0235000F648F /* CustomImageView.swift */; };
		5DA457B5291E2338000F648F /* Sequence+.swift in Sources */ = {isa = PBXBuildFile; fileRef = 5DA457B4291E2338000F648F /* Sequence+.swift */; };
		5DA457B9291E2BC8000F648F /* SearchCollectionViewCell.swift in Sources */ = {isa = PBXBuildFile; fileRef = 5DA457B7291E2BC8000F648F /* SearchCollectionViewCell.swift */; };
		5DA457BA291E2BC8000F648F /* SearchCollectionViewCell.xib in Resources */ = {isa = PBXBuildFile; fileRef = 5DA457B8291E2BC8000F648F /* SearchCollectionViewCell.xib */; };
		5DA5B6EE2913C7B100AB2345 /* HomeViewController.swift in Sources */ = {isa = PBXBuildFile; fileRef = 5DA5B6EC2913C7B100AB2345 /* HomeViewController.swift */; };
		5DA5B6EF2913C7B100AB2345 /* HomeViewController.xib in Resources */ = {isa = PBXBuildFile; fileRef = 5DA5B6ED2913C7B100AB2345 /* HomeViewController.xib */; };
		5DA5B6F52913C7FD00AB2345 /* FavoriteViewController.swift in Sources */ = {isa = PBXBuildFile; fileRef = 5DA5B6F32913C7FD00AB2345 /* FavoriteViewController.swift */; };
		5DA5B6F62913C7FD00AB2345 /* FavoriteViewController.xib in Resources */ = {isa = PBXBuildFile; fileRef = 5DA5B6F42913C7FD00AB2345 /* FavoriteViewController.xib */; };
		5DA5B6F92913C80C00AB2345 /* TrendingViewController.swift in Sources */ = {isa = PBXBuildFile; fileRef = 5DA5B6F72913C80C00AB2345 /* TrendingViewController.swift */; };
		5DA5B6FA2913C80C00AB2345 /* TrendingViewController.xib in Resources */ = {isa = PBXBuildFile; fileRef = 5DA5B6F82913C80C00AB2345 /* TrendingViewController.xib */; };
		5DA5B6FD2913C81B00AB2345 /* SearchViewController.swift in Sources */ = {isa = PBXBuildFile; fileRef = 5DA5B6FB2913C81B00AB2345 /* SearchViewController.swift */; };
		5DA5B6FE2913C81B00AB2345 /* SearchViewController.xib in Resources */ = {isa = PBXBuildFile; fileRef = 5DA5B6FC2913C81B00AB2345 /* SearchViewController.xib */; };
		5DA5B7012913C8A000AB2345 /* TabbarItemEnum.swift in Sources */ = {isa = PBXBuildFile; fileRef = 5DA5B7002913C8A000AB2345 /* TabbarItemEnum.swift */; };
		5DA5B7042913CC0F00AB2345 /* TabbarViewController.swift in Sources */ = {isa = PBXBuildFile; fileRef = 5DA5B7032913CC0F00AB2345 /* TabbarViewController.swift */; };
		5DA5B7072914A34800AB2345 /* AppBarUIView.swift in Sources */ = {isa = PBXBuildFile; fileRef = 5DA5B7062914A34800AB2345 /* AppBarUIView.swift */; };
		5DA5B7092914A36200AB2345 /* AppBarUIView.xib in Resources */ = {isa = PBXBuildFile; fileRef = 5DA5B7082914A36200AB2345 /* AppBarUIView.xib */; };
		5DA5B72E2918B35A00AB2345 /* DetailInfoFilm.swift in Sources */ = {isa = PBXBuildFile; fileRef = 5DA5B72D2918B35A00AB2345 /* DetailInfoFilm.swift */; };
		5DA5B7332918B98C00AB2345 /* Actor.swift in Sources */ = {isa = PBXBuildFile; fileRef = 5DA5B7322918B98C00AB2345 /* Actor.swift */; };
		5DA5B7352918BC5B00AB2345 /* VideoTrailer.swift in Sources */ = {isa = PBXBuildFile; fileRef = 5DA5B7342918BC5B00AB2345 /* VideoTrailer.swift */; };
		5DA5B7382918BD3300AB2345 /* APICaller.swift in Sources */ = {isa = PBXBuildFile; fileRef = 5DA5B7372918BD3200AB2345 /* APICaller.swift */; };
		5DA5B73A2918BE8B00AB2345 /* RequestErrorEnum.swift in Sources */ = {isa = PBXBuildFile; fileRef = 5DA5B7392918BE8B00AB2345 /* RequestErrorEnum.swift */; };
		5DA5B73C2918C0C000AB2345 /* Network.swift in Sources */ = {isa = PBXBuildFile; fileRef = 5DA5B73B2918C0C000AB2345 /* Network.swift */; };
		5DA5B73E2918C1E700AB2345 /* CategoryPathEnum.swift in Sources */ = {isa = PBXBuildFile; fileRef = 5DA5B73D2918C1E700AB2345 /* CategoryPathEnum.swift */; };
		5DA5B7432918E24000AB2345 /* TMDBInfo.plist in Resources */ = {isa = PBXBuildFile; fileRef = 5DA5B7422918E24000AB2345 /* TMDBInfo.plist */; };
		5DA5B74C291B414600AB2345 /* VerticalCustomCollectionViewCell.swift in Sources */ = {isa = PBXBuildFile; fileRef = 5DA5B74A291B414600AB2345 /* VerticalCustomCollectionViewCell.swift */; };
		5DA5B74D291B414600AB2345 /* VerticalCustomCollectionViewCell.xib in Resources */ = {isa = PBXBuildFile; fileRef = 5DA5B74B291B414600AB2345 /* VerticalCustomCollectionViewCell.xib */; };
		5DA5B753291B59CC00AB2345 /* HeaderCollectionReusableView.swift in Sources */ = {isa = PBXBuildFile; fileRef = 5DA5B751291B59CC00AB2345 /* HeaderCollectionReusableView.swift */; };
		5DA5B754291B59CC00AB2345 /* HeaderCollectionReusableView.xib in Resources */ = {isa = PBXBuildFile; fileRef = 5DA5B752291B59CC00AB2345 /* HeaderCollectionReusableView.xib */; };
		5DA5B757291B5FF700AB2345 /* HorizontalCustomCollectionViewCell.swift in Sources */ = {isa = PBXBuildFile; fileRef = 5DA5B755291B5FF700AB2345 /* HorizontalCustomCollectionViewCell.swift */; };
		5DA5B758291B5FF700AB2345 /* HorizontalCustomCollectionViewCell.xib in Resources */ = {isa = PBXBuildFile; fileRef = 5DA5B756291B5FF700AB2345 /* HorizontalCustomCollectionViewCell.xib */; };
		5DA5B75A291B70B700AB2345 /* CompositionalLayout+.swift in Sources */ = {isa = PBXBuildFile; fileRef = 5DA5B759291B70B700AB2345 /* CompositionalLayout+.swift */; };
		5DA5B75E291B7BEE00AB2345 /* CompositionalGroupAlignment.swift in Sources */ = {isa = PBXBuildFile; fileRef = 5DA5B75D291B7BEE00AB2345 /* CompositionalGroupAlignment.swift */; };
		5DA5B765291B80C300AB2345 /* RepositoryTypeManager.swift in Sources */ = {isa = PBXBuildFile; fileRef = 5DA5B764291B80C300AB2345 /* RepositoryTypeManager.swift */; };
		5DA5B768291B812D00AB2345 /* FilmRepository.swift in Sources */ = {isa = PBXBuildFile; fileRef = 5DA5B767291B812D00AB2345 /* FilmRepository.swift */; };
		5DA5B76A291B836900AB2345 /* DomainInfoFilm.swift in Sources */ = {isa = PBXBuildFile; fileRef = 5DA5B769291B836900AB2345 /* DomainInfoFilm.swift */; };
		5DA5B76C291B8A1A00AB2345 /* MethodRequestEnum.swift in Sources */ = {isa = PBXBuildFile; fileRef = 5DA5B76B291B8A1A00AB2345 /* MethodRequestEnum.swift */; };
		5DA5B76E291B9F3D00AB2345 /* FilmSection.swift in Sources */ = {isa = PBXBuildFile; fileRef = 5DA5B76D291B9F3D00AB2345 /* FilmSection.swift */; };
		5DA5B770291BA7BD00AB2345 /* GenreFilm.swift in Sources */ = {isa = PBXBuildFile; fileRef = 5DA5B76F291BA7BD00AB2345 /* GenreFilm.swift */; };
		5DA5B772291BACC500AB2345 /* FilterTitle.swift in Sources */ = {isa = PBXBuildFile; fileRef = 5DA5B771291BACC500AB2345 /* FilterTitle.swift */; };
		5DBC214C2921E05A00CC1931 /* UIView+.swift in Sources */ = {isa = PBXBuildFile; fileRef = 5DBC214B2921E05A00CC1931 /* UIView+.swift */; };
		5DBC21502921EFB100CC1931 /* DelayerRunner.swift in Sources */ = {isa = PBXBuildFile; fileRef = 5DBC214F2921EFB100CC1931 /* DelayerRunner.swift */; };
		5DE6CA452922460B007C93B7 /* IndicatorEnum.swift in Sources */ = {isa = PBXBuildFile; fileRef = 5DE6CA442922460B007C93B7 /* IndicatorEnum.swift */; };
		5DE6CA48292249A9007C93B7 /* DetailViewController.swift in Sources */ = {isa = PBXBuildFile; fileRef = 5DE6CA46292249A9007C93B7 /* DetailViewController.swift */; };
		5DE6CA4B292324F3007C93B7 /* DetailViewController.storyboard in Resources */ = {isa = PBXBuildFile; fileRef = 5DE6CA4A292324F3007C93B7 /* DetailViewController.storyboard */; };
		5DF4D9FB292CAD6F00E438A5 /* DispatchQueue+.swift in Sources */ = {isa = PBXBuildFile; fileRef = 5DF4D9FA292CAD6F00E438A5 /* DispatchQueue+.swift */; };
		5DF4D9FD292CADBF00E438A5 /* Utils.swift in Sources */ = {isa = PBXBuildFile; fileRef = 5DF4D9FC292CADBF00E438A5 /* Utils.swift */; };
		5DF4DA00292CAF6800E438A5 /* ListFilmViewController.storyboard in Resources */ = {isa = PBXBuildFile; fileRef = 5DF4D9FF292CAF6800E438A5 /* ListFilmViewController.storyboard */; };
		5DF4DA02292CB03E00E438A5 /* ListFilmViewController.swift in Sources */ = {isa = PBXBuildFile; fileRef = 5DF4DA01292CB03E00E438A5 /* ListFilmViewController.swift */; };
/* End PBXBuildFile section */

/* Begin PBXFileReference section */
		5D2C44E52913634E009157C6 /* MovieDB.app */ = {isa = PBXFileReference; explicitFileType = wrapper.application; includeInIndex = 0; path = MovieDB.app; sourceTree = BUILT_PRODUCTS_DIR; };
		5D2C44F22913634E009157C6 /* MovieDB.xcdatamodel */ = {isa = PBXFileReference; lastKnownFileType = wrapper.xcdatamodel; path = MovieDB.xcdatamodel; sourceTree = "<group>"; };
		5D2C44F72913634F009157C6 /* Base */ = {isa = PBXFileReference; lastKnownFileType = file.storyboard; name = Base; path = Base.lproj/LaunchScreen.storyboard; sourceTree = "<group>"; };
		5D2C44F92913634F009157C6 /* Info.plist */ = {isa = PBXFileReference; lastKnownFileType = text.plist.xml; path = Info.plist; sourceTree = "<group>"; };
		5D2C450B2913A1AA009157C6 /* AppDelegate.swift */ = {isa = PBXFileReference; fileEncoding = 4; lastKnownFileType = sourcecode.swift; path = AppDelegate.swift; sourceTree = "<group>"; };
		5D2C45122913A1AF009157C6 /* Base */ = {isa = PBXFileReference; lastKnownFileType = file.storyboard; name = Base; path = Base.lproj/Main.storyboard; sourceTree = "<group>"; };
		5D2C451A2913A77F009157C6 /* CoreDataManager.swift */ = {isa = PBXFileReference; lastKnownFileType = sourcecode.swift; path = CoreDataManager.swift; sourceTree = "<group>"; };
		5D3E1310291CD1E9007968E5 /* UIViewController+.swift */ = {isa = PBXFileReference; lastKnownFileType = sourcecode.swift; path = "UIViewController+.swift"; sourceTree = "<group>"; };
		5D6165A229276400007DEB11 /* Assets.xcassets */ = {isa = PBXFileReference; lastKnownFileType = folder.assetcatalog; path = Assets.xcassets; sourceTree = "<group>"; };
		5D6165A4292B0BD1007DEB11 /* CoreDataError.swift */ = {isa = PBXFileReference; lastKnownFileType = sourcecode.swift; path = CoreDataError.swift; sourceTree = "<group>"; };
		5D6165AB292B6F2E007DEB11 /* TypeVideo.swift */ = {isa = PBXFileReference; lastKnownFileType = sourcecode.swift; path = TypeVideo.swift; sourceTree = "<group>"; };
		5D6B2532292336E500F8A42E /* CastCollectionViewCell.swift */ = {isa = PBXFileReference; lastKnownFileType = sourcecode.swift; path = CastCollectionViewCell.swift; sourceTree = "<group>"; };
		5D6B2533292336E500F8A42E /* CastCollectionViewCell.xib */ = {isa = PBXFileReference; lastKnownFileType = file.xib; path = CastCollectionViewCell.xib; sourceTree = "<group>"; };
		5D6B2536292339DF00F8A42E /* HeaderTitle.swift */ = {isa = PBXFileReference; lastKnownFileType = sourcecode.swift; path = HeaderTitle.swift; sourceTree = "<group>"; };
		5D8E3DD529234ABF0011F4C4 /* DetailFilmHeaderCollectionReusableView.swift */ = {isa = PBXFileReference; lastKnownFileType = sourcecode.swift; path = DetailFilmHeaderCollectionReusableView.swift; sourceTree = "<group>"; };
		5D8E3DD629234ABF0011F4C4 /* DetailFilmHeaderCollectionReusableView.xib */ = {isa = PBXFileReference; lastKnownFileType = file.xib; path = DetailFilmHeaderCollectionReusableView.xib; sourceTree = "<group>"; };
		5D8E3DD929237C780011F4C4 /* Int+.swift */ = {isa = PBXFileReference; lastKnownFileType = sourcecode.swift; path = "Int+.swift"; sourceTree = "<group>"; };
		5D8E3DE2292620D90011F4C4 /* EnumTabbarItem.swift */ = {isa = PBXFileReference; lastKnownFileType = sourcecode.swift; path = EnumTabbarItem.swift; sourceTree = "<group>"; };
		5D8E3DE7292718490011F4C4 /* FavoriteCollectionViewCell.swift */ = {isa = PBXFileReference; lastKnownFileType = sourcecode.swift; path = FavoriteCollectionViewCell.swift; sourceTree = "<group>"; };
		5D8E3DE8292718490011F4C4 /* FavoriteCollectionViewCell.xib */ = {isa = PBXFileReference; lastKnownFileType = file.xib; path = FavoriteCollectionViewCell.xib; sourceTree = "<group>"; };
		5D8E3DEC292755A70011F4C4 /* TrendingCollectionViewCell.swift */ = {isa = PBXFileReference; lastKnownFileType = sourcecode.swift; path = TrendingCollectionViewCell.swift; sourceTree = "<group>"; };
		5D8E3DED292755A70011F4C4 /* TrendingCollectionViewCell.xib */ = {isa = PBXFileReference; lastKnownFileType = file.xib; path = TrendingCollectionViewCell.xib; sourceTree = "<group>"; };
		5DA457B0291E0235000F648F /* CustomImageView.swift */ = {isa = PBXFileReference; lastKnownFileType = sourcecode.swift; path = CustomImageView.swift; sourceTree = "<group>"; };
		5DA457B4291E2338000F648F /* Sequence+.swift */ = {isa = PBXFileReference; lastKnownFileType = sourcecode.swift; path = "Sequence+.swift"; sourceTree = "<group>"; };
		5DA457B7291E2BC8000F648F /* SearchCollectionViewCell.swift */ = {isa = PBXFileReference; lastKnownFileType = sourcecode.swift; path = SearchCollectionViewCell.swift; sourceTree = "<group>"; };
		5DA457B8291E2BC8000F648F /* SearchCollectionViewCell.xib */ = {isa = PBXFileReference; lastKnownFileType = file.xib; path = SearchCollectionViewCell.xib; sourceTree = "<group>"; };
		5DA5B6EC2913C7B100AB2345 /* HomeViewController.swift */ = {isa = PBXFileReference; lastKnownFileType = sourcecode.swift; path = HomeViewController.swift; sourceTree = "<group>"; };
		5DA5B6ED2913C7B100AB2345 /* HomeViewController.xib */ = {isa = PBXFileReference; lastKnownFileType = file.xib; path = HomeViewController.xib; sourceTree = "<group>"; };
		5DA5B6F32913C7FD00AB2345 /* FavoriteViewController.swift */ = {isa = PBXFileReference; lastKnownFileType = sourcecode.swift; path = FavoriteViewController.swift; sourceTree = "<group>"; };
		5DA5B6F42913C7FD00AB2345 /* FavoriteViewController.xib */ = {isa = PBXFileReference; lastKnownFileType = file.xib; path = FavoriteViewController.xib; sourceTree = "<group>"; };
		5DA5B6F72913C80C00AB2345 /* TrendingViewController.swift */ = {isa = PBXFileReference; lastKnownFileType = sourcecode.swift; path = TrendingViewController.swift; sourceTree = "<group>"; };
		5DA5B6F82913C80C00AB2345 /* TrendingViewController.xib */ = {isa = PBXFileReference; lastKnownFileType = file.xib; path = TrendingViewController.xib; sourceTree = "<group>"; };
		5DA5B6FB2913C81B00AB2345 /* SearchViewController.swift */ = {isa = PBXFileReference; lastKnownFileType = sourcecode.swift; path = SearchViewController.swift; sourceTree = "<group>"; };
		5DA5B6FC2913C81B00AB2345 /* SearchViewController.xib */ = {isa = PBXFileReference; lastKnownFileType = file.xib; path = SearchViewController.xib; sourceTree = "<group>"; };
		5DA5B7002913C8A000AB2345 /* TabbarItemEnum.swift */ = {isa = PBXFileReference; lastKnownFileType = sourcecode.swift; path = TabbarItemEnum.swift; sourceTree = "<group>"; };
		5DA5B7032913CC0F00AB2345 /* TabbarViewController.swift */ = {isa = PBXFileReference; lastKnownFileType = sourcecode.swift; path = TabbarViewController.swift; sourceTree = "<group>"; };
		5DA5B7062914A34800AB2345 /* AppBarUIView.swift */ = {isa = PBXFileReference; lastKnownFileType = sourcecode.swift; path = AppBarUIView.swift; sourceTree = "<group>"; };
		5DA5B7082914A36200AB2345 /* AppBarUIView.xib */ = {isa = PBXFileReference; lastKnownFileType = file.xib; path = AppBarUIView.xib; sourceTree = "<group>"; };
		5DA5B72D2918B35A00AB2345 /* DetailInfoFilm.swift */ = {isa = PBXFileReference; lastKnownFileType = sourcecode.swift; path = DetailInfoFilm.swift; sourceTree = "<group>"; };
		5DA5B7322918B98C00AB2345 /* Actor.swift */ = {isa = PBXFileReference; lastKnownFileType = sourcecode.swift; path = Actor.swift; sourceTree = "<group>"; };
		5DA5B7342918BC5B00AB2345 /* VideoTrailer.swift */ = {isa = PBXFileReference; lastKnownFileType = sourcecode.swift; path = VideoTrailer.swift; sourceTree = "<group>"; };
		5DA5B7372918BD3200AB2345 /* APICaller.swift */ = {isa = PBXFileReference; lastKnownFileType = sourcecode.swift; path = APICaller.swift; sourceTree = "<group>"; };
		5DA5B7392918BE8B00AB2345 /* RequestErrorEnum.swift */ = {isa = PBXFileReference; lastKnownFileType = sourcecode.swift; path = RequestErrorEnum.swift; sourceTree = "<group>"; };
		5DA5B73B2918C0C000AB2345 /* Network.swift */ = {isa = PBXFileReference; lastKnownFileType = sourcecode.swift; path = Network.swift; sourceTree = "<group>"; };
		5DA5B73D2918C1E700AB2345 /* CategoryPathEnum.swift */ = {isa = PBXFileReference; lastKnownFileType = sourcecode.swift; path = CategoryPathEnum.swift; sourceTree = "<group>"; };
		5DA5B7422918E24000AB2345 /* TMDBInfo.plist */ = {isa = PBXFileReference; lastKnownFileType = text.plist.xml; path = TMDBInfo.plist; sourceTree = "<group>"; };
		5DA5B74A291B414600AB2345 /* VerticalCustomCollectionViewCell.swift */ = {isa = PBXFileReference; fileEncoding = 4; lastKnownFileType = sourcecode.swift; path = VerticalCustomCollectionViewCell.swift; sourceTree = "<group>"; };
		5DA5B74B291B414600AB2345 /* VerticalCustomCollectionViewCell.xib */ = {isa = PBXFileReference; fileEncoding = 4; lastKnownFileType = file.xib; path = VerticalCustomCollectionViewCell.xib; sourceTree = "<group>"; };
		5DA5B751291B59CC00AB2345 /* HeaderCollectionReusableView.swift */ = {isa = PBXFileReference; lastKnownFileType = sourcecode.swift; path = HeaderCollectionReusableView.swift; sourceTree = "<group>"; };
		5DA5B752291B59CC00AB2345 /* HeaderCollectionReusableView.xib */ = {isa = PBXFileReference; lastKnownFileType = file.xib; path = HeaderCollectionReusableView.xib; sourceTree = "<group>"; };
		5DA5B755291B5FF700AB2345 /* HorizontalCustomCollectionViewCell.swift */ = {isa = PBXFileReference; lastKnownFileType = sourcecode.swift; path = HorizontalCustomCollectionViewCell.swift; sourceTree = "<group>"; };
		5DA5B756291B5FF700AB2345 /* HorizontalCustomCollectionViewCell.xib */ = {isa = PBXFileReference; lastKnownFileType = file.xib; path = HorizontalCustomCollectionViewCell.xib; sourceTree = "<group>"; };
		5DA5B759291B70B700AB2345 /* CompositionalLayout+.swift */ = {isa = PBXFileReference; lastKnownFileType = sourcecode.swift; path = "CompositionalLayout+.swift"; sourceTree = "<group>"; };
		5DA5B75D291B7BEE00AB2345 /* CompositionalGroupAlignment.swift */ = {isa = PBXFileReference; lastKnownFileType = sourcecode.swift; path = CompositionalGroupAlignment.swift; sourceTree = "<group>"; };
		5DA5B764291B80C300AB2345 /* RepositoryTypeManager.swift */ = {isa = PBXFileReference; lastKnownFileType = sourcecode.swift; path = RepositoryTypeManager.swift; sourceTree = "<group>"; };
		5DA5B767291B812D00AB2345 /* FilmRepository.swift */ = {isa = PBXFileReference; lastKnownFileType = sourcecode.swift; path = FilmRepository.swift; sourceTree = "<group>"; };
		5DA5B769291B836900AB2345 /* DomainInfoFilm.swift */ = {isa = PBXFileReference; lastKnownFileType = sourcecode.swift; path = DomainInfoFilm.swift; sourceTree = "<group>"; };
		5DA5B76B291B8A1A00AB2345 /* MethodRequestEnum.swift */ = {isa = PBXFileReference; lastKnownFileType = sourcecode.swift; path = MethodRequestEnum.swift; sourceTree = "<group>"; };
		5DA5B76D291B9F3D00AB2345 /* FilmSection.swift */ = {isa = PBXFileReference; lastKnownFileType = sourcecode.swift; path = FilmSection.swift; sourceTree = "<group>"; };
		5DA5B76F291BA7BD00AB2345 /* GenreFilm.swift */ = {isa = PBXFileReference; lastKnownFileType = sourcecode.swift; path = GenreFilm.swift; sourceTree = "<group>"; };
		5DA5B771291BACC500AB2345 /* FilterTitle.swift */ = {isa = PBXFileReference; lastKnownFileType = sourcecode.swift; path = FilterTitle.swift; sourceTree = "<group>"; };
		5DBC214B2921E05A00CC1931 /* UIView+.swift */ = {isa = PBXFileReference; lastKnownFileType = sourcecode.swift; path = "UIView+.swift"; sourceTree = "<group>"; };
		5DBC214F2921EFB100CC1931 /* DelayerRunner.swift */ = {isa = PBXFileReference; lastKnownFileType = sourcecode.swift; path = DelayerRunner.swift; sourceTree = "<group>"; };
		5DE6CA442922460B007C93B7 /* IndicatorEnum.swift */ = {isa = PBXFileReference; lastKnownFileType = sourcecode.swift; path = IndicatorEnum.swift; sourceTree = "<group>"; };
		5DE6CA46292249A9007C93B7 /* DetailViewController.swift */ = {isa = PBXFileReference; lastKnownFileType = sourcecode.swift; path = DetailViewController.swift; sourceTree = "<group>"; };
		5DE6CA4A292324F3007C93B7 /* DetailViewController.storyboard */ = {isa = PBXFileReference; lastKnownFileType = file.storyboard; path = DetailViewController.storyboard; sourceTree = "<group>"; };
		5DF4D9FA292CAD6F00E438A5 /* DispatchQueue+.swift */ = {isa = PBXFileReference; lastKnownFileType = sourcecode.swift; path = "DispatchQueue+.swift"; sourceTree = "<group>"; };
		5DF4D9FC292CADBF00E438A5 /* Utils.swift */ = {isa = PBXFileReference; lastKnownFileType = sourcecode.swift; path = Utils.swift; sourceTree = "<group>"; };
		5DF4D9FF292CAF6800E438A5 /* ListFilmViewController.storyboard */ = {isa = PBXFileReference; lastKnownFileType = file.storyboard; path = ListFilmViewController.storyboard; sourceTree = "<group>"; };
		5DF4DA01292CB03E00E438A5 /* ListFilmViewController.swift */ = {isa = PBXFileReference; lastKnownFileType = sourcecode.swift; path = ListFilmViewController.swift; sourceTree = "<group>"; };
/* End PBXFileReference section */

/* Begin PBXFrameworksBuildPhase section */
		5D2C44E22913634E009157C6 /* Frameworks */ = {
			isa = PBXFrameworksBuildPhase;
			buildActionMask = 2147483647;
			files = (
				5D6165AA292B3441007DEB11 /* YoutubePlayer-in-WKWebView in Frameworks */,
			);
			runOnlyForDeploymentPostprocessing = 0;
		};
/* End PBXFrameworksBuildPhase section */

/* Begin PBXGroup section */
		5D2C44DC2913634E009157C6 = {
			isa = PBXGroup;
			children = (
				5D2C44E72913634E009157C6 /* MovieDB */,
				5D2C44E62913634E009157C6 /* Products */,
			);
			sourceTree = "<group>";
		};
		5D2C44E62913634E009157C6 /* Products */ = {
			isa = PBXGroup;
			children = (
				5D2C44E52913634E009157C6 /* MovieDB.app */,
			);
			name = Products;
			sourceTree = "<group>";
		};
		5D2C44E72913634E009157C6 /* MovieDB */ = {
			isa = PBXGroup;
			children = (
				5D2C45142913A1AF009157C6 /* Extension */,
				5D2C45132913A1AF009157C6 /* Utils */,
				5D2C45102913A1AF009157C6 /* View */,
				5D2C450E2913A1AF009157C6 /* ViewController */,
				5D2C45092913A1AA009157C6 /* Resource */,
				5D2C45192913A758009157C6 /* Manager */,
				5DA5B766291B811E00AB2345 /* Repository */,
				5D2C45082913A19E009157C6 /* Model */,
				5D2C44F92913634F009157C6 /* Info.plist */,
				5D2C44F12913634E009157C6 /* MovieDB.xcdatamodeld */,
				5DA5B7422918E24000AB2345 /* TMDBInfo.plist */,
			);
			path = MovieDB;
			sourceTree = "<group>";
		};
		5D2C45082913A19E009157C6 /* Model */ = {
			isa = PBXGroup;
			children = (
				5DA5B7402918D3EE00AB2345 /* FilmInfo */,
				5DA5B7362918BD2200AB2345 /* Networking */,
				5DA5B6FF2913C88400AB2345 /* Enum */,
			);
			path = Model;
			sourceTree = "<group>";
		};
		5D2C45092913A1AA009157C6 /* Resource */ = {
			isa = PBXGroup;
			children = (
				5D6165A229276400007DEB11 /* Assets.xcassets */,
				5D2C450B2913A1AA009157C6 /* AppDelegate.swift */,
			);
			path = Resource;
			sourceTree = "<group>";
		};
		5D2C450E2913A1AF009157C6 /* ViewController */ = {
			isa = PBXGroup;
			children = (
				5DF4D9FE292CAEF900E438A5 /* ListFilmVC */,
				5DA5B75F291B7DAF00AB2345 /* DetailVC */,
				5DA5B7022913CBC400AB2345 /* TabbarVC */,
				5DA5B6F22913C7C900AB2345 /* FavoriteVC */,
				5DA5B6F12913C7BF00AB2345 /* TrendingVC */,
				5DA5B6F02913C7B600AB2345 /* CategoryVC */,
				5D2C45202913C68A009157C6 /* HomeVC */,
			);
			path = ViewController;
			sourceTree = "<group>";
		};
		5D2C45102913A1AF009157C6 /* View */ = {
			isa = PBXGroup;
			children = (
				5DA5B74E291B4C3900AB2345 /* HeaderCollectionView */,
				5DA5B7052914A2F800AB2345 /* AppBarItem */,
				5D2C45112913A1AF009157C6 /* Main.storyboard */,
				5D2C44F62913634F009157C6 /* LaunchScreen.storyboard */,
			);
			path = View;
			sourceTree = "<group>";
		};
		5D2C45132913A1AF009157C6 /* Utils */ = {
			isa = PBXGroup;
			children = (
				5DA457B0291E0235000F648F /* CustomImageView.swift */,
				5DBC214F2921EFB100CC1931 /* DelayerRunner.swift */,
				5DF4D9FC292CADBF00E438A5 /* Utils.swift */,
			);
			path = Utils;
			sourceTree = "<group>";
		};
		5D2C45142913A1AF009157C6 /* Extension */ = {
			isa = PBXGroup;
			children = (
				5DA5B759291B70B700AB2345 /* CompositionalLayout+.swift */,
				5D3E1310291CD1E9007968E5 /* UIViewController+.swift */,
				5DA457B4291E2338000F648F /* Sequence+.swift */,
				5DBC214B2921E05A00CC1931 /* UIView+.swift */,
				5D8E3DD929237C780011F4C4 /* Int+.swift */,
				5DF4D9FA292CAD6F00E438A5 /* DispatchQueue+.swift */,
			);
			path = Extension;
			sourceTree = "<group>";
		};
		5D2C45192913A758009157C6 /* Manager */ = {
			isa = PBXGroup;
			children = (
				5D2C451A2913A77F009157C6 /* CoreDataManager.swift */,
				5DA5B764291B80C300AB2345 /* RepositoryTypeManager.swift */,
			);
			path = Manager;
			sourceTree = "<group>";
		};
		5D2C45202913C68A009157C6 /* HomeVC */ = {
			isa = PBXGroup;
			children = (
				5DA5B749291B413D00AB2345 /* Cell */,
				5DA5B6EC2913C7B100AB2345 /* HomeViewController.swift */,
				5DA5B6ED2913C7B100AB2345 /* HomeViewController.xib */,
			);
			path = HomeVC;
			sourceTree = "<group>";
		};
		5D6B2531292336C800F8A42E /* Cell */ = {
			isa = PBXGroup;
			children = (
				5D6B2532292336E500F8A42E /* CastCollectionViewCell.swift */,
				5D6B2533292336E500F8A42E /* CastCollectionViewCell.xib */,
			);
			path = Cell;
			sourceTree = "<group>";
		};
		5D8E3DD429234A9B0011F4C4 /* Header */ = {
			isa = PBXGroup;
			children = (
				5D8E3DD529234ABF0011F4C4 /* DetailFilmHeaderCollectionReusableView.swift */,
				5D8E3DD629234ABF0011F4C4 /* DetailFilmHeaderCollectionReusableView.xib */,
			);
			path = Header;
			sourceTree = "<group>";
		};
		5D8E3DE6292718210011F4C4 /* Cell */ = {
			isa = PBXGroup;
			children = (
				5D8E3DE7292718490011F4C4 /* FavoriteCollectionViewCell.swift */,
				5D8E3DE8292718490011F4C4 /* FavoriteCollectionViewCell.xib */,
			);
			path = Cell;
			sourceTree = "<group>";
		};
		5D8E3DEB292755960011F4C4 /* Cell */ = {
			isa = PBXGroup;
			children = (
				5D8E3DEC292755A70011F4C4 /* TrendingCollectionViewCell.swift */,
				5D8E3DED292755A70011F4C4 /* TrendingCollectionViewCell.xib */,
			);
			path = Cell;
			sourceTree = "<group>";
		};
		5DA457B6291E2BAB000F648F /* Cell */ = {
			isa = PBXGroup;
			children = (
				5DA457B7291E2BC8000F648F /* SearchCollectionViewCell.swift */,
				5DA457B8291E2BC8000F648F /* SearchCollectionViewCell.xib */,
			);
			path = Cell;
			sourceTree = "<group>";
		};
		5DA5B6F02913C7B600AB2345 /* CategoryVC */ = {
			isa = PBXGroup;
			children = (
				5DA457B6291E2BAB000F648F /* Cell */,
				5DA5B6FB2913C81B00AB2345 /* SearchViewController.swift */,
				5DA5B6FC2913C81B00AB2345 /* SearchViewController.xib */,
			);
			path = CategoryVC;
			sourceTree = "<group>";
		};
		5DA5B6F12913C7BF00AB2345 /* TrendingVC */ = {
			isa = PBXGroup;
			children = (
				5D8E3DEB292755960011F4C4 /* Cell */,
				5DA5B6F72913C80C00AB2345 /* TrendingViewController.swift */,
				5DA5B6F82913C80C00AB2345 /* TrendingViewController.xib */,
			);
			path = TrendingVC;
			sourceTree = "<group>";
		};
		5DA5B6F22913C7C900AB2345 /* FavoriteVC */ = {
			isa = PBXGroup;
			children = (
				5D8E3DE6292718210011F4C4 /* Cell */,
				5DA5B6F32913C7FD00AB2345 /* FavoriteViewController.swift */,
				5DA5B6F42913C7FD00AB2345 /* FavoriteViewController.xib */,
			);
			path = FavoriteVC;
			sourceTree = "<group>";
		};
		5DA5B6FF2913C88400AB2345 /* Enum */ = {
			isa = PBXGroup;
			children = (
				5DA5B73F2918C4E700AB2345 /* APIEnum */,
				5DA5B7002913C8A000AB2345 /* TabbarItemEnum.swift */,
				5DA5B75D291B7BEE00AB2345 /* CompositionalGroupAlignment.swift */,
				5DA5B771291BACC500AB2345 /* FilterTitle.swift */,
				5DE6CA442922460B007C93B7 /* IndicatorEnum.swift */,
				5D6B2536292339DF00F8A42E /* HeaderTitle.swift */,
				5D6165A4292B0BD1007DEB11 /* CoreDataError.swift */,
				5D6165AB292B6F2E007DEB11 /* TypeVideo.swift */,
			);
			path = Enum;
			sourceTree = "<group>";
		};
		5DA5B7022913CBC400AB2345 /* TabbarVC */ = {
			isa = PBXGroup;
			children = (
				5DA5B7032913CC0F00AB2345 /* TabbarViewController.swift */,
				5D8E3DE2292620D90011F4C4 /* EnumTabbarItem.swift */,
			);
			path = TabbarVC;
			sourceTree = "<group>";
		};
		5DA5B7052914A2F800AB2345 /* AppBarItem */ = {
			isa = PBXGroup;
			children = (
				5DA5B7062914A34800AB2345 /* AppBarUIView.swift */,
				5DA5B7082914A36200AB2345 /* AppBarUIView.xib */,
			);
			path = AppBarItem;
			sourceTree = "<group>";
		};
		5DA5B7362918BD2200AB2345 /* Networking */ = {
			isa = PBXGroup;
			children = (
				5DA5B7372918BD3200AB2345 /* APICaller.swift */,
				5DA5B73B2918C0C000AB2345 /* Network.swift */,
			);
			path = Networking;
			sourceTree = "<group>";
		};
		5DA5B73F2918C4E700AB2345 /* APIEnum */ = {
			isa = PBXGroup;
			children = (
				5DA5B73D2918C1E700AB2345 /* CategoryPathEnum.swift */,
				5DA5B7392918BE8B00AB2345 /* RequestErrorEnum.swift */,
				5DA5B76B291B8A1A00AB2345 /* MethodRequestEnum.swift */,
			);
			path = APIEnum;
			sourceTree = "<group>";
		};
		5DA5B7402918D3EE00AB2345 /* FilmInfo */ = {
			isa = PBXGroup;
			children = (
				5DA5B7342918BC5B00AB2345 /* VideoTrailer.swift */,
				5DA5B7322918B98C00AB2345 /* Actor.swift */,
				5DA5B769291B836900AB2345 /* DomainInfoFilm.swift */,
				5DA5B72D2918B35A00AB2345 /* DetailInfoFilm.swift */,
				5DA5B76D291B9F3D00AB2345 /* FilmSection.swift */,
				5DA5B76F291BA7BD00AB2345 /* GenreFilm.swift */,
			);
			path = FilmInfo;
			sourceTree = "<group>";
		};
		5DA5B749291B413D00AB2345 /* Cell */ = {
			isa = PBXGroup;
			children = (
				5DA5B74A291B414600AB2345 /* VerticalCustomCollectionViewCell.swift */,
				5DA5B74B291B414600AB2345 /* VerticalCustomCollectionViewCell.xib */,
				5DA5B755291B5FF700AB2345 /* HorizontalCustomCollectionViewCell.swift */,
				5DA5B756291B5FF700AB2345 /* HorizontalCustomCollectionViewCell.xib */,
			);
			path = Cell;
			sourceTree = "<group>";
		};
		5DA5B74E291B4C3900AB2345 /* HeaderCollectionView */ = {
			isa = PBXGroup;
			children = (
				5DA5B751291B59CC00AB2345 /* HeaderCollectionReusableView.swift */,
				5DA5B752291B59CC00AB2345 /* HeaderCollectionReusableView.xib */,
			);
			path = HeaderCollectionView;
			sourceTree = "<group>";
		};
		5DA5B75F291B7DAF00AB2345 /* DetailVC */ = {
			isa = PBXGroup;
			children = (
				5D8E3DD429234A9B0011F4C4 /* Header */,
				5D6B2531292336C800F8A42E /* Cell */,
				5DE6CA46292249A9007C93B7 /* DetailViewController.swift */,
				5DE6CA4A292324F3007C93B7 /* DetailViewController.storyboard */,
			);
			path = DetailVC;
			sourceTree = "<group>";
		};
		5DA5B766291B811E00AB2345 /* Repository */ = {
			isa = PBXGroup;
			children = (
				5DA5B767291B812D00AB2345 /* FilmRepository.swift */,
			);
			path = Repository;
			sourceTree = "<group>";
		};
		5DF4D9FE292CAEF900E438A5 /* ListFilmVC */ = {
			isa = PBXGroup;
			children = (
				5DF4DA01292CB03E00E438A5 /* ListFilmViewController.swift */,
				5DF4D9FF292CAF6800E438A5 /* ListFilmViewController.storyboard */,
			);
			path = ListFilmVC;
			sourceTree = "<group>";
		};
/* End PBXGroup section */

/* Begin PBXNativeTarget section */
		5D2C44E42913634E009157C6 /* MovieDB */ = {
			isa = PBXNativeTarget;
			buildConfigurationList = 5D2C44FC2913634F009157C6 /* Build configuration list for PBXNativeTarget "MovieDB" */;
			buildPhases = (
				5D2C44E12913634E009157C6 /* Sources */,
				5D2C44E22913634E009157C6 /* Frameworks */,
				5D2C44E32913634E009157C6 /* Resources */,
				5D2C44FF29137B98009157C6 /* ShellScript */,
				5DA5B7442918E4A900AB2345 /* ShellScript */,
			);
			buildRules = (
			);
			dependencies = (
			);
			name = MovieDB;
			packageProductDependencies = (
				5D6165A9292B3441007DEB11 /* YoutubePlayer-in-WKWebView */,
			);
			productName = MovieDB;
			productReference = 5D2C44E52913634E009157C6 /* MovieDB.app */;
			productType = "com.apple.product-type.application";
		};
/* End PBXNativeTarget section */

/* Begin PBXProject section */
		5D2C44DD2913634E009157C6 /* Project object */ = {
			isa = PBXProject;
			attributes = {
				BuildIndependentTargetsInParallel = 1;
				LastSwiftUpdateCheck = 1400;
				LastUpgradeCheck = 1400;
				TargetAttributes = {
					5D2C44E42913634E009157C6 = {
						CreatedOnToolsVersion = 14.0.1;
					};
				};
			};
			buildConfigurationList = 5D2C44E02913634E009157C6 /* Build configuration list for PBXProject "MovieDB" */;
			compatibilityVersion = "Xcode 14.0";
			developmentRegion = en;
			hasScannedForEncodings = 0;
			knownRegions = (
				en,
				Base,
			);
			mainGroup = 5D2C44DC2913634E009157C6;
			packageReferences = (
				5D6165A8292B3441007DEB11 /* XCRemoteSwiftPackageReference "YoutubePlayer-in-WKWebView" */,
			);
			productRefGroup = 5D2C44E62913634E009157C6 /* Products */;
			projectDirPath = "";
			projectRoot = "";
			targets = (
				5D2C44E42913634E009157C6 /* MovieDB */,
			);
		};
/* End PBXProject section */

/* Begin PBXResourcesBuildPhase section */
		5D2C44E32913634E009157C6 /* Resources */ = {
			isa = PBXResourcesBuildPhase;
			buildActionMask = 2147483647;
			files = (
				5DA5B7092914A36200AB2345 /* AppBarUIView.xib in Resources */,
				5DA5B6FE2913C81B00AB2345 /* SearchViewController.xib in Resources */,
				5D2C44F82913634F009157C6 /* LaunchScreen.storyboard in Resources */,
				5DA5B758291B5FF700AB2345 /* HorizontalCustomCollectionViewCell.xib in Resources */,
				5DA5B74D291B414600AB2345 /* VerticalCustomCollectionViewCell.xib in Resources */,
				5D2C45172913A1AF009157C6 /* Main.storyboard in Resources */,
				5DA457BA291E2BC8000F648F /* SearchCollectionViewCell.xib in Resources */,
				5DA5B6FA2913C80C00AB2345 /* TrendingViewController.xib in Resources */,
				5D8E3DEA292718490011F4C4 /* FavoriteCollectionViewCell.xib in Resources */,
				5D8E3DD829234ABF0011F4C4 /* DetailFilmHeaderCollectionReusableView.xib in Resources */,
				5D8E3DEF292755A70011F4C4 /* TrendingCollectionViewCell.xib in Resources */,
				5DA5B7432918E24000AB2345 /* TMDBInfo.plist in Resources */,
				5D6B2535292336E500F8A42E /* CastCollectionViewCell.xib in Resources */,
				5DA5B6F62913C7FD00AB2345 /* FavoriteViewController.xib in Resources */,
				5DA5B6EF2913C7B100AB2345 /* HomeViewController.xib in Resources */,
				5DA5B754291B59CC00AB2345 /* HeaderCollectionReusableView.xib in Resources */,
				5D6165A329276400007DEB11 /* Assets.xcassets in Resources */,
				5DF4DA00292CAF6800E438A5 /* ListFilmViewController.storyboard in Resources */,
				5DE6CA4B292324F3007C93B7 /* DetailViewController.storyboard in Resources */,
				5DE6CA4B292324F3007C93B7 /* DetailViewController.storyboard in Resources */,
			);
			runOnlyForDeploymentPostprocessing = 0;
		};
/* End PBXResourcesBuildPhase section */

/* Begin PBXShellScriptBuildPhase section */
		5D2C44FF29137B98009157C6 /* ShellScript */ = {
			isa = PBXShellScriptBuildPhase;
			alwaysOutOfDate = 1;
			buildActionMask = 2147483647;
			files = (
			);
			inputFileListPaths = (
			);
			inputPaths = (
			);
			outputFileListPaths = (
			);
			outputPaths = (
			);
			runOnlyForDeploymentPostprocessing = 0;
			shellPath = /bin/sh;
			shellScript = "# Type a script or drag a script file from your workspace to insert its path.\nexport PATH=\"$PATH:/opt/homebrew/bin\"\nif which swiftlint >/dev/null; then\nswiftlint\nelse\necho \"warning: SwiftLint not installed, download from https://github.com/realm/SwiftLint\"\nfi\n";
		};
		5DA5B7442918E4A900AB2345 /* ShellScript */ = {
			isa = PBXShellScriptBuildPhase;
			buildActionMask = 2147483647;
			files = (
			);
			inputFileListPaths = (
			);
			inputPaths = (
			);
			outputFileListPaths = (
			);
			outputPaths = (
			);
			runOnlyForDeploymentPostprocessing = 0;
			shellPath = /bin/sh;
			shellScript = "# Type a script or drag a script file from your workspace to insert its path.\nCONFIG_FILE_BASE_NAME=\"TMDBInfo\"\n\nCONFIG_FILE_NAME=${CONFIG_FILE_BASE_NAME}.plist\nSAMPLE_CONFIG_FILE_NAME=${CONFIG_FILE_BASE_NAME}-Sample.plist\n\nCONFIG_FILE_PATH=$SRCROOT/$PRODUCT_NAME/$CONFIG_FILE_NAME\nSAMPLE_CONFIG_FILE_PATH=$SRCROOT/$PRODUCT_NAME/$SAMPLE_CONFIG_FILE_NAME\n\nif [ -f \"$CONFIG_FILE_PATH\" ]; then\n  echo \"$CONFIG_FILE_PATH exists.\"\nelse\n  echo \"$CONFIG_FILE_PATH does not exist, copying sample\"\n  cp -v \"${SAMPLE_CONFIG_FILE_PATH}\" \"${CONFIG_FILE_PATH}\"\nfi\n";
		};
/* End PBXShellScriptBuildPhase section */

/* Begin PBXSourcesBuildPhase section */
		5D2C44E12913634E009157C6 /* Sources */ = {
			isa = PBXSourcesBuildPhase;
			buildActionMask = 2147483647;
			files = (
				5DA5B73A2918BE8B00AB2345 /* RequestErrorEnum.swift in Sources */,
				5D2C450D2913A1AA009157C6 /* AppDelegate.swift in Sources */,
				5D6165AC292B6F2E007DEB11 /* TypeVideo.swift in Sources */,
				5DA5B7382918BD3300AB2345 /* APICaller.swift in Sources */,
				5DA5B765291B80C300AB2345 /* RepositoryTypeManager.swift in Sources */,
				5D2C44F32913634E009157C6 /* MovieDB.xcdatamodeld in Sources */,
				5DA5B76A291B836900AB2345 /* DomainInfoFilm.swift in Sources */,
				5DA5B770291BA7BD00AB2345 /* GenreFilm.swift in Sources */,
				5DA5B76E291B9F3D00AB2345 /* FilmSection.swift in Sources */,
				5D3E1311291CD1E9007968E5 /* UIViewController+.swift in Sources */,
				5DF4D9FB292CAD6F00E438A5 /* DispatchQueue+.swift in Sources */,
				5DA457B1291E0235000F648F /* CustomImageView.swift in Sources */,
				5DA5B768291B812D00AB2345 /* FilmRepository.swift in Sources */,
				5DA5B6FD2913C81B00AB2345 /* SearchViewController.swift in Sources */,
				5D2C451B2913A780009157C6 /* CoreDataManager.swift in Sources */,
				5DA5B74C291B414600AB2345 /* VerticalCustomCollectionViewCell.swift in Sources */,
				5DF4DA02292CB03E00E438A5 /* ListFilmViewController.swift in Sources */,
				5DA457B5291E2338000F648F /* Sequence+.swift in Sources */,
				5DA5B75A291B70B700AB2345 /* CompositionalLayout+.swift in Sources */,
				5DA5B75E291B7BEE00AB2345 /* CompositionalGroupAlignment.swift in Sources */,
				5DA5B7332918B98C00AB2345 /* Actor.swift in Sources */,
				5D8E3DE9292718490011F4C4 /* FavoriteCollectionViewCell.swift in Sources */,
				5D6165A5292B0BD1007DEB11 /* CoreDataError.swift in Sources */,
				5DE6CA48292249A9007C93B7 /* DetailViewController.swift in Sources */,
				5DF4D9FD292CADBF00E438A5 /* Utils.swift in Sources */,
				5DA5B753291B59CC00AB2345 /* HeaderCollectionReusableView.swift in Sources */,
				5DA457B9291E2BC8000F648F /* SearchCollectionViewCell.swift in Sources */,
				5D8E3DD729234ABF0011F4C4 /* DetailFilmHeaderCollectionReusableView.swift in Sources */,
				5DA5B6EE2913C7B100AB2345 /* HomeViewController.swift in Sources */,
				5DA5B6F92913C80C00AB2345 /* TrendingViewController.swift in Sources */,
				5D6B2534292336E500F8A42E /* CastCollectionViewCell.swift in Sources */,
				5DA5B72E2918B35A00AB2345 /* DetailInfoFilm.swift in Sources */,
				5DBC21502921EFB100CC1931 /* DelayerRunner.swift in Sources */,
				5DE6CA452922460B007C93B7 /* IndicatorEnum.swift in Sources */,
				5DA5B73C2918C0C000AB2345 /* Network.swift in Sources */,
				5D8E3DEE292755A70011F4C4 /* TrendingCollectionViewCell.swift in Sources */,
				5DA5B7072914A34800AB2345 /* AppBarUIView.swift in Sources */,
				5DA5B757291B5FF700AB2345 /* HorizontalCustomCollectionViewCell.swift in Sources */,
				5DBC214C2921E05A00CC1931 /* UIView+.swift in Sources */,
				5DA5B7352918BC5B00AB2345 /* VideoTrailer.swift in Sources */,
				5D8E3DE3292620D90011F4C4 /* EnumTabbarItem.swift in Sources */,
				5DA5B772291BACC500AB2345 /* FilterTitle.swift in Sources */,
				5DA5B6F52913C7FD00AB2345 /* FavoriteViewController.swift in Sources */,
				5D6B2537292339DF00F8A42E /* HeaderTitle.swift in Sources */,
				5DA5B7012913C8A000AB2345 /* TabbarItemEnum.swift in Sources */,
				5DA5B7042913CC0F00AB2345 /* TabbarViewController.swift in Sources */,
				5D8E3DDA29237C780011F4C4 /* Int+.swift in Sources */,
				5DA5B76C291B8A1A00AB2345 /* MethodRequestEnum.swift in Sources */,
				5DA5B73E2918C1E700AB2345 /* CategoryPathEnum.swift in Sources */,
			);
			runOnlyForDeploymentPostprocessing = 0;
		};
/* End PBXSourcesBuildPhase section */

/* Begin PBXVariantGroup section */
		5D2C44F62913634F009157C6 /* LaunchScreen.storyboard */ = {
			isa = PBXVariantGroup;
			children = (
				5D2C44F72913634F009157C6 /* Base */,
			);
			name = LaunchScreen.storyboard;
			sourceTree = "<group>";
		};
		5D2C45112913A1AF009157C6 /* Main.storyboard */ = {
			isa = PBXVariantGroup;
			children = (
				5D2C45122913A1AF009157C6 /* Base */,
			);
			name = Main.storyboard;
			sourceTree = "<group>";
		};
/* End PBXVariantGroup section */

/* Begin XCBuildConfiguration section */
		5D2C44FA2913634F009157C6 /* Debug */ = {
			isa = XCBuildConfiguration;
			buildSettings = {
				ALWAYS_SEARCH_USER_PATHS = NO;
				CLANG_ANALYZER_NONNULL = YES;
				CLANG_ANALYZER_NUMBER_OBJECT_CONVERSION = YES_AGGRESSIVE;
				CLANG_CXX_LANGUAGE_STANDARD = "gnu++20";
				CLANG_ENABLE_MODULES = YES;
				CLANG_ENABLE_OBJC_ARC = YES;
				CLANG_ENABLE_OBJC_WEAK = YES;
				CLANG_WARN_BLOCK_CAPTURE_AUTORELEASING = YES;
				CLANG_WARN_BOOL_CONVERSION = YES;
				CLANG_WARN_COMMA = YES;
				CLANG_WARN_CONSTANT_CONVERSION = YES;
				CLANG_WARN_DEPRECATED_OBJC_IMPLEMENTATIONS = YES;
				CLANG_WARN_DIRECT_OBJC_ISA_USAGE = YES_ERROR;
				CLANG_WARN_DOCUMENTATION_COMMENTS = YES;
				CLANG_WARN_EMPTY_BODY = YES;
				CLANG_WARN_ENUM_CONVERSION = YES;
				CLANG_WARN_INFINITE_RECURSION = YES;
				CLANG_WARN_INT_CONVERSION = YES;
				CLANG_WARN_NON_LITERAL_NULL_CONVERSION = YES;
				CLANG_WARN_OBJC_IMPLICIT_RETAIN_SELF = YES;
				CLANG_WARN_OBJC_LITERAL_CONVERSION = YES;
				CLANG_WARN_OBJC_ROOT_CLASS = YES_ERROR;
				CLANG_WARN_QUOTED_INCLUDE_IN_FRAMEWORK_HEADER = YES;
				CLANG_WARN_RANGE_LOOP_ANALYSIS = YES;
				CLANG_WARN_STRICT_PROTOTYPES = YES;
				CLANG_WARN_SUSPICIOUS_MOVE = YES;
				CLANG_WARN_UNGUARDED_AVAILABILITY = YES_AGGRESSIVE;
				CLANG_WARN_UNREACHABLE_CODE = YES;
				CLANG_WARN__DUPLICATE_METHOD_MATCH = YES;
				COPY_PHASE_STRIP = NO;
				DEBUG_INFORMATION_FORMAT = dwarf;
				ENABLE_STRICT_OBJC_MSGSEND = YES;
				ENABLE_TESTABILITY = YES;
				GCC_C_LANGUAGE_STANDARD = gnu11;
				GCC_DYNAMIC_NO_PIC = NO;
				GCC_NO_COMMON_BLOCKS = YES;
				GCC_OPTIMIZATION_LEVEL = 0;
				GCC_PREPROCESSOR_DEFINITIONS = (
					"DEBUG=1",
					"$(inherited)",
				);
				GCC_WARN_64_TO_32_BIT_CONVERSION = YES;
				GCC_WARN_ABOUT_RETURN_TYPE = YES_ERROR;
				GCC_WARN_UNDECLARED_SELECTOR = YES;
				GCC_WARN_UNINITIALIZED_AUTOS = YES_AGGRESSIVE;
				GCC_WARN_UNUSED_FUNCTION = YES;
				GCC_WARN_UNUSED_VARIABLE = YES;
				IPHONEOS_DEPLOYMENT_TARGET = 16.0;
				MTL_ENABLE_DEBUG_INFO = INCLUDE_SOURCE;
				MTL_FAST_MATH = YES;
				ONLY_ACTIVE_ARCH = YES;
				SDKROOT = iphoneos;
				SWIFT_ACTIVE_COMPILATION_CONDITIONS = DEBUG;
				SWIFT_OPTIMIZATION_LEVEL = "-Onone";
			};
			name = Debug;
		};
		5D2C44FB2913634F009157C6 /* Release */ = {
			isa = XCBuildConfiguration;
			buildSettings = {
				ALWAYS_SEARCH_USER_PATHS = NO;
				CLANG_ANALYZER_NONNULL = YES;
				CLANG_ANALYZER_NUMBER_OBJECT_CONVERSION = YES_AGGRESSIVE;
				CLANG_CXX_LANGUAGE_STANDARD = "gnu++20";
				CLANG_ENABLE_MODULES = YES;
				CLANG_ENABLE_OBJC_ARC = YES;
				CLANG_ENABLE_OBJC_WEAK = YES;
				CLANG_WARN_BLOCK_CAPTURE_AUTORELEASING = YES;
				CLANG_WARN_BOOL_CONVERSION = YES;
				CLANG_WARN_COMMA = YES;
				CLANG_WARN_CONSTANT_CONVERSION = YES;
				CLANG_WARN_DEPRECATED_OBJC_IMPLEMENTATIONS = YES;
				CLANG_WARN_DIRECT_OBJC_ISA_USAGE = YES_ERROR;
				CLANG_WARN_DOCUMENTATION_COMMENTS = YES;
				CLANG_WARN_EMPTY_BODY = YES;
				CLANG_WARN_ENUM_CONVERSION = YES;
				CLANG_WARN_INFINITE_RECURSION = YES;
				CLANG_WARN_INT_CONVERSION = YES;
				CLANG_WARN_NON_LITERAL_NULL_CONVERSION = YES;
				CLANG_WARN_OBJC_IMPLICIT_RETAIN_SELF = YES;
				CLANG_WARN_OBJC_LITERAL_CONVERSION = YES;
				CLANG_WARN_OBJC_ROOT_CLASS = YES_ERROR;
				CLANG_WARN_QUOTED_INCLUDE_IN_FRAMEWORK_HEADER = YES;
				CLANG_WARN_RANGE_LOOP_ANALYSIS = YES;
				CLANG_WARN_STRICT_PROTOTYPES = YES;
				CLANG_WARN_SUSPICIOUS_MOVE = YES;
				CLANG_WARN_UNGUARDED_AVAILABILITY = YES_AGGRESSIVE;
				CLANG_WARN_UNREACHABLE_CODE = YES;
				CLANG_WARN__DUPLICATE_METHOD_MATCH = YES;
				COPY_PHASE_STRIP = NO;
				DEBUG_INFORMATION_FORMAT = "dwarf-with-dsym";
				ENABLE_NS_ASSERTIONS = NO;
				ENABLE_STRICT_OBJC_MSGSEND = YES;
				GCC_C_LANGUAGE_STANDARD = gnu11;
				GCC_NO_COMMON_BLOCKS = YES;
				GCC_WARN_64_TO_32_BIT_CONVERSION = YES;
				GCC_WARN_ABOUT_RETURN_TYPE = YES_ERROR;
				GCC_WARN_UNDECLARED_SELECTOR = YES;
				GCC_WARN_UNINITIALIZED_AUTOS = YES_AGGRESSIVE;
				GCC_WARN_UNUSED_FUNCTION = YES;
				GCC_WARN_UNUSED_VARIABLE = YES;
				IPHONEOS_DEPLOYMENT_TARGET = 16.0;
				MTL_ENABLE_DEBUG_INFO = NO;
				MTL_FAST_MATH = YES;
				SDKROOT = iphoneos;
				SWIFT_COMPILATION_MODE = wholemodule;
				SWIFT_OPTIMIZATION_LEVEL = "-O";
				VALIDATE_PRODUCT = YES;
			};
			name = Release;
		};
		5D2C44FD2913634F009157C6 /* Debug */ = {
			isa = XCBuildConfiguration;
			buildSettings = {
				ASSETCATALOG_COMPILER_APPICON_NAME = AppIcon;
				ASSETCATALOG_COMPILER_GLOBAL_ACCENT_COLOR_NAME = AccentColor;
				CODE_SIGN_STYLE = Automatic;
				CURRENT_PROJECT_VERSION = 1;
				DEVELOPMENT_TEAM = 295TC7FJW5;
				GENERATE_INFOPLIST_FILE = YES;
				INFOPLIST_FILE = MovieDB/Info.plist;
				INFOPLIST_KEY_UIApplicationSupportsIndirectInputEvents = YES;
				INFOPLIST_KEY_UILaunchStoryboardName = LaunchScreen;
				INFOPLIST_KEY_UIMainStoryboardFile = Main;
				INFOPLIST_KEY_UISupportedInterfaceOrientations_iPad = "UIInterfaceOrientationPortrait UIInterfaceOrientationPortraitUpsideDown UIInterfaceOrientationLandscapeLeft UIInterfaceOrientationLandscapeRight";
				INFOPLIST_KEY_UISupportedInterfaceOrientations_iPhone = "UIInterfaceOrientationPortrait UIInterfaceOrientationLandscapeLeft UIInterfaceOrientationLandscapeRight";
				IPHONEOS_DEPLOYMENT_TARGET = 15.6;
				LD_RUNPATH_SEARCH_PATHS = (
					"$(inherited)",
					"@executable_path/Frameworks",
				);
				MARKETING_VERSION = 1.0;
				PRODUCT_BUNDLE_IDENTIFIER = "com.sun-asterisk.MovieDB";
				PRODUCT_NAME = "$(TARGET_NAME)";
				SWIFT_EMIT_LOC_STRINGS = YES;
				SWIFT_VERSION = 5.0;
				TARGETED_DEVICE_FAMILY = "1,2";
			};
			name = Debug;
		};
		5D2C44FE2913634F009157C6 /* Release */ = {
			isa = XCBuildConfiguration;
			buildSettings = {
				ASSETCATALOG_COMPILER_APPICON_NAME = AppIcon;
				ASSETCATALOG_COMPILER_GLOBAL_ACCENT_COLOR_NAME = AccentColor;
				CODE_SIGN_STYLE = Automatic;
				CURRENT_PROJECT_VERSION = 1;
				DEVELOPMENT_TEAM = 295TC7FJW5;
				GENERATE_INFOPLIST_FILE = YES;
				INFOPLIST_FILE = MovieDB/Info.plist;
				INFOPLIST_KEY_UIApplicationSupportsIndirectInputEvents = YES;
				INFOPLIST_KEY_UILaunchStoryboardName = LaunchScreen;
				INFOPLIST_KEY_UIMainStoryboardFile = Main;
				INFOPLIST_KEY_UISupportedInterfaceOrientations_iPad = "UIInterfaceOrientationPortrait UIInterfaceOrientationPortraitUpsideDown UIInterfaceOrientationLandscapeLeft UIInterfaceOrientationLandscapeRight";
				INFOPLIST_KEY_UISupportedInterfaceOrientations_iPhone = "UIInterfaceOrientationPortrait UIInterfaceOrientationLandscapeLeft UIInterfaceOrientationLandscapeRight";
				IPHONEOS_DEPLOYMENT_TARGET = 15.6;
				LD_RUNPATH_SEARCH_PATHS = (
					"$(inherited)",
					"@executable_path/Frameworks",
				);
				MARKETING_VERSION = 1.0;
				PRODUCT_BUNDLE_IDENTIFIER = "com.sun-asterisk.MovieDB";
				PRODUCT_NAME = "$(TARGET_NAME)";
				SWIFT_EMIT_LOC_STRINGS = YES;
				SWIFT_VERSION = 5.0;
				TARGETED_DEVICE_FAMILY = "1,2";
			};
			name = Release;
		};
/* End XCBuildConfiguration section */

/* Begin XCConfigurationList section */
		5D2C44E02913634E009157C6 /* Build configuration list for PBXProject "MovieDB" */ = {
			isa = XCConfigurationList;
			buildConfigurations = (
				5D2C44FA2913634F009157C6 /* Debug */,
				5D2C44FB2913634F009157C6 /* Release */,
			);
			defaultConfigurationIsVisible = 0;
			defaultConfigurationName = Release;
		};
		5D2C44FC2913634F009157C6 /* Build configuration list for PBXNativeTarget "MovieDB" */ = {
			isa = XCConfigurationList;
			buildConfigurations = (
				5D2C44FD2913634F009157C6 /* Debug */,
				5D2C44FE2913634F009157C6 /* Release */,
			);
			defaultConfigurationIsVisible = 0;
			defaultConfigurationName = Release;
		};
/* End XCConfigurationList section */

/* Begin XCRemoteSwiftPackageReference section */
		5D6165A8292B3441007DEB11 /* XCRemoteSwiftPackageReference "YoutubePlayer-in-WKWebView" */ = {
			isa = XCRemoteSwiftPackageReference;
			repositoryURL = "https://github.com/hmhv/YoutubePlayer-in-WKWebView.git";
			requirement = {
				kind = upToNextMinorVersion;
				minimumVersion = 0.3.8;
			};
		};
/* End XCRemoteSwiftPackageReference section */

/* Begin XCSwiftPackageProductDependency section */
		5D6165A9292B3441007DEB11 /* YoutubePlayer-in-WKWebView */ = {
			isa = XCSwiftPackageProductDependency;
			package = 5D6165A8292B3441007DEB11 /* XCRemoteSwiftPackageReference "YoutubePlayer-in-WKWebView" */;
			productName = "YoutubePlayer-in-WKWebView";
		};
/* End XCSwiftPackageProductDependency section */

/* Begin XCVersionGroup section */
		5D2C44F12913634E009157C6 /* MovieDB.xcdatamodeld */ = {
			isa = XCVersionGroup;
			children = (
				5D2C44F22913634E009157C6 /* MovieDB.xcdatamodel */,
			);
			currentVersion = 5D2C44F22913634E009157C6 /* MovieDB.xcdatamodel */;
			path = MovieDB.xcdatamodeld;
			sourceTree = "<group>";
			versionGroupType = wrapper.xcdatamodel;
		};
/* End XCVersionGroup section */
	};
	rootObject = 5D2C44DD2913634E009157C6 /* Project object */;
}
